
Microsoft Visual Studio Solution File, Format Version 12.00
Project("{2150E333-8FDC-42A3-9474-1A3956D46DE8}") = "src", "src", "{827E0CD3-B72D-47B6-A68D-7590B98EB39B}"
EndProject
Project("{FAE04EC0-301F-11D3-BF4B-00C04F79EFBC}") = "Pharos.Organization.API", "src\Pharos.Organization.API\Pharos.Organization.API.csproj", "{444B13F7-491E-4AAD-8421-71EAF2571D49}"
EndProject
Project("{FAE04EC0-301F-11D3-BF4B-00C04F79EFBC}") = "Pharos.Organization.Application", "src\Pharos.Organization.Application\Pharos.Organization.Application.csproj", "{23681C51-08B3-445A-A03C-CA9804F9B9EC}"
EndProject
Project("{FAE04EC0-301F-11D3-BF4B-00C04F79EFBC}") = "Pharos.Organization.Domain", "src\Pharos.Organization.Domain\Pharos.Organization.Domain.csproj", "{3698952A-5F32-45F4-B4C4-52485FA2EEC0}"
EndProject
Project("{FAE04EC0-301F-11D3-BF4B-00C04F79EFBC}") = "Pharos.Organization.Infra", "src\Pharos.Organization.Infra\Pharos.Organization.Infra.csproj", "{CFD56836-AF1A-4C89-93CE-DF1CF6E58FFF}"
EndProject
Global
	GlobalSection(SolutionConfigurationPlatforms) = preSolution
		Debug|Any CPU = Debug|Any CPU
		Debug|x64 = Debug|x64
		Debug|x86 = Debug|x86
		Release|Any CPU = Release|Any CPU
		Release|x64 = Release|x64
		Release|x86 = Release|x86
	EndGlobalSection
	GlobalSection(ProjectConfigurationPlatforms) = postSolution
		{444B13F7-491E-4AAD-8421-71EAF2571D49}.Debug|Any CPU.ActiveCfg = Debug|Any CPU
		{444B13F7-491E-4AAD-8421-71EAF2571D49}.Debug|Any CPU.Build.0 = Debug|Any CPU
		{444B13F7-491E-4AAD-8421-71EAF2571D49}.Debug|x64.ActiveCfg = Debug|Any CPU
		{444B13F7-491E-4AAD-8421-71EAF2571D49}.Debug|x64.Build.0 = Debug|Any CPU
		{444B13F7-491E-4AAD-8421-71EAF2571D49}.Debug|x86.ActiveCfg = Debug|Any CPU
		{444B13F7-491E-4AAD-8421-71EAF2571D49}.Debug|x86.Build.0 = Debug|Any CPU
		{444B13F7-491E-4AAD-8421-71EAF2571D49}.Release|Any CPU.ActiveCfg = Release|Any CPU
		{444B13F7-491E-4AAD-8421-71EAF2571D49}.Release|Any CPU.Build.0 = Release|Any CPU
		{444B13F7-491E-4AAD-8421-71EAF2571D49}.Release|x64.ActiveCfg = Release|Any CPU
		{444B13F7-491E-4AAD-8421-71EAF2571D49}.Release|x64.Build.0 = Release|Any CPU
		{444B13F7-491E-4AAD-8421-71EAF2571D49}.Release|x86.ActiveCfg = Release|Any CPU
		{444B13F7-491E-4AAD-8421-71EAF2571D49}.Release|x86.Build.0 = Release|Any CPU
		{23681C51-08B3-445A-A03C-CA9804F9B9EC}.Debug|Any CPU.ActiveCfg = Debug|Any CPU
		{23681C51-08B3-445A-A03C-CA9804F9B9EC}.Debug|Any CPU.Build.0 = Debug|Any CPU
		{23681C51-08B3-445A-A03C-CA9804F9B9EC}.Debug|x64.ActiveCfg = Debug|Any CPU
		{23681C51-08B3-445A-A03C-CA9804F9B9EC}.Debug|x64.Build.0 = Debug|Any CPU
		{23681C51-08B3-445A-A03C-CA9804F9B9EC}.Debug|x86.ActiveCfg = Debug|Any CPU
		{23681C51-08B3-445A-A03C-CA9804F9B9EC}.Debug|x86.Build.0 = Debug|Any CPU
		{23681C51-08B3-445A-A03C-CA9804F9B9EC}.Release|Any CPU.ActiveCfg = Release|Any CPU
		{23681C51-08B3-445A-A03C-CA9804F9B9EC}.Release|Any CPU.Build.0 = Release|Any CPU
		{23681C51-08B3-445A-A03C-CA9804F9B9EC}.Release|x64.ActiveCfg = Release|Any CPU
		{23681C51-08B3-445A-A03C-CA9804F9B9EC}.Release|x64.Build.0 = Release|Any CPU
		{23681C51-08B3-445A-A03C-CA9804F9B9EC}.Release|x86.ActiveCfg = Release|Any CPU
		{23681C51-08B3-445A-A03C-CA9804F9B9EC}.Release|x86.Build.0 = Release|Any CPU
		{3698952A-5F32-45F4-B4C4-52485FA2EEC0}.Debug|Any CPU.ActiveCfg = Debug|Any CPU
		{3698952A-5F32-45F4-B4C4-52485FA2EEC0}.Debug|Any CPU.Build.0 = Debug|Any CPU
		{3698952A-5F32-45F4-B4C4-52485FA2EEC0}.Debug|x64.ActiveCfg = Debug|Any CPU
		{3698952A-5F32-45F4-B4C4-52485FA2EEC0}.Debug|x64.Build.0 = Debug|Any CPU
		{3698952A-5F32-45F4-B4C4-52485FA2EEC0}.Debug|x86.ActiveCfg = Debug|Any CPU
		{3698952A-5F32-45F4-B4C4-52485FA2EEC0}.Debug|x86.Build.0 = Debug|Any CPU
		{3698952A-5F32-45F4-B4C4-52485FA2EEC0}.Release|Any CPU.ActiveCfg = Release|Any CPU
		{3698952A-5F32-45F4-B4C4-52485FA2EEC0}.Release|Any CPU.Build.0 = Release|Any CPU
		{3698952A-5F32-45F4-B4C4-52485FA2EEC0}.Release|x64.ActiveCfg = Release|Any CPU
		{3698952A-5F32-45F4-B4C4-52485FA2EEC0}.Release|x64.Build.0 = Release|Any CPU
		{3698952A-5F32-45F4-B4C4-52485FA2EEC0}.Release|x86.ActiveCfg = Release|Any CPU
		{3698952A-5F32-45F4-B4C4-52485FA2EEC0}.Release|x86.Build.0 = Release|Any CPU
		{CFD56836-AF1A-4C89-93CE-DF1CF6E58FFF}.Debug|Any CPU.ActiveCfg = Debug|Any CPU
		{CFD56836-AF1A-4C89-93CE-DF1CF6E58FFF}.Debug|Any CPU.Build.0 = Debug|Any CPU
		{CFD56836-AF1A-4C89-93CE-DF1CF6E58FFF}.Debug|x64.ActiveCfg = Debug|Any CPU
		{CFD56836-AF1A-4C89-93CE-DF1CF6E58FFF}.Debug|x64.Build.0 = Debug|Any CPU
		{CFD56836-AF1A-4C89-93CE-DF1CF6E58FFF}.Debug|x86.ActiveCfg = Debug|Any CPU
		{CFD56836-AF1A-4C89-93CE-DF1CF6E58FFF}.Debug|x86.Build.0 = Debug|Any CPU
		{CFD56836-AF1A-4C89-93CE-DF1CF6E58FFF}.Release|Any CPU.ActiveCfg = Release|Any CPU
		{CFD56836-AF1A-4C89-93CE-DF1CF6E58FFF}.Release|Any CPU.Build.0 = Release|Any CPU
		{CFD56836-AF1A-4C89-93CE-DF1CF6E58FFF}.Release|x64.ActiveCfg = Release|Any CPU
		{CFD56836-AF1A-4C89-93CE-DF1CF6E58FFF}.Release|x64.Build.0 = Release|Any CPU
		{CFD56836-AF1A-4C89-93CE-DF1CF6E58FFF}.Release|x86.ActiveCfg = Release|Any CPU
		{CFD56836-AF1A-4C89-93CE-DF1CF6E58FFF}.Release|x86.Build.0 = Release|Any CPU
	EndGlobalSection
	GlobalSection(SolutionProperties) = preSolution
		HideSolutionNode = FALSE
	EndGlobalSection
	GlobalSection(NestedProjects) = preSolution
		{444B13F7-491E-4AAD-8421-71EAF2571D49} = {827E0CD3-B72D-47B6-A68D-7590B98EB39B}
		{23681C51-08B3-445A-A03C-CA9804F9B9EC} = {827E0CD3-B72D-47B6-A68D-7590B98EB39B}
		{3698952A-5F32-45F4-B4C4-52485FA2EEC0} = {827E0CD3-B72D-47B6-A68D-7590B98EB39B}
		{CFD56836-AF1A-4C89-93CE-DF1CF6E58FFF} = {827E0CD3-B72D-47B6-A68D-7590B98EB39B}
	EndGlobalSection
EndGlobal
